
Microsoft Visual Studio Solution File, Format Version 12.00
# Visual Studio Version 17
VisualStudioVersion = 17.5.33530.505
MinimumVisualStudioVersion = 10.0.40219.1
Project("{FAE04EC0-301F-11D3-BF4B-00C04F79EFBC}") = "Csharp_practical_6", "Csharp_practical_6\Csharp_practical_6.csproj", "{27C5A47E-2C97-4A20-BDB7-A04329AC64CC}"
EndProject
Global
	GlobalSection(SolutionConfigurationPlatforms) = preSolution
		Debug|Any CPU = Debug|Any CPU
		Release|Any CPU = Release|Any CPU
	EndGlobalSection
	GlobalSection(ProjectConfigurationPlatforms) = postSolution
		{27C5A47E-2C97-4A20-BDB7-A04329AC64CC}.Debug|Any CPU.ActiveCfg = Debug|Any CPU
		{27C5A47E-2C97-4A20-BDB7-A04329AC64CC}.Debug|Any CPU.Build.0 = Debug|Any CPU
		{27C5A47E-2C97-4A20-BDB7-A04329AC64CC}.Release|Any CPU.ActiveCfg = Release|Any CPU
		{27C5A47E-2C97-4A20-BDB7-A04329AC64CC}.Release|Any CPU.Build.0 = Release|Any CPU
	EndGlobalSection
	GlobalSection(SolutionProperties) = preSolution
		HideSolutionNode = FALSE
	EndGlobalSection
	GlobalSection(ExtensibilityGlobals) = postSolution
		SolutionGuid = {F291EC3D-80E4-4626-9837-3B964CACAB7B}
	EndGlobalSection
EndGlobal
